// !$*UTF8*$!
{
	archiveVersion = 1;
	classes = {
	};
	objectVersion = 56;
	objects = {

/* Begin PBXBuildFile section */
		F7850B0229A606E5005E01AE /* GRDBDocumentBasedAppExampleApp.swift in Sources */ = {isa = PBXBuildFile; fileRef = F7850B0129A606E5005E01AE /* GRDBDocumentBasedAppExampleApp.swift */; };
		F7850B0429A606E5005E01AE /* GRDBDocument.swift in Sources */ = {isa = PBXBuildFile; fileRef = F7850B0329A606E5005E01AE /* GRDBDocument.swift */; };
		F7850B0629A606E5005E01AE /* ContentView.swift in Sources */ = {isa = PBXBuildFile; fileRef = F7850B0529A606E5005E01AE /* ContentView.swift */; };
		F7850B0829A606E6005E01AE /* Assets.xcassets in Resources */ = {isa = PBXBuildFile; fileRef = F7850B0729A606E6005E01AE /* Assets.xcassets */; };
		F7850B0D29A606E6005E01AE /* Preview Assets.xcassets in Resources */ = {isa = PBXBuildFile; fileRef = F7850B0C29A606E6005E01AE /* Preview Assets.xcassets */; };
		F7850B1729A606E6005E01AE /* GRDBDocumentBasedAppExampleTests.swift in Sources */ = {isa = PBXBuildFile; fileRef = F7850B1629A606E6005E01AE /* GRDBDocumentBasedAppExampleTests.swift */; };
		F7850B2129A606E7005E01AE /* GRDBDocumentBasedAppExampleUITests.swift in Sources */ = {isa = PBXBuildFile; fileRef = F7850B2029A606E7005E01AE /* GRDBDocumentBasedAppExampleUITests.swift */; };
		F7850B2329A606E7005E01AE /* GRDBDocumentBasedAppExampleUITestsLaunchTests.swift in Sources */ = {isa = PBXBuildFile; fileRef = F7850B2229A606E7005E01AE /* GRDBDocumentBasedAppExampleUITestsLaunchTests.swift */; };
		F7850B3129A61050005E01AE /* GRDB in Frameworks */ = {isa = PBXBuildFile; productRef = F7850B3029A61050005E01AE /* GRDB */; };
		F7850B3429A6105C005E01AE /* GRDBQuery in Frameworks */ = {isa = PBXBuildFile; productRef = F7850B3329A6105C005E01AE /* GRDBQuery */; };
		F7850B3629A61116005E01AE /* DocumentDatabase.swift in Sources */ = {isa = PBXBuildFile; fileRef = F7850B3529A61116005E01AE /* DocumentDatabase.swift */; };
		F7850B3829A61627005E01AE /* KVRecord.swift in Sources */ = {isa = PBXBuildFile; fileRef = F7850B3729A61627005E01AE /* KVRecord.swift */; };
		F7850B3A29A6213F005E01AE /* KVRecordViewModel.swift in Sources */ = {isa = PBXBuildFile; fileRef = F7850B3929A6213F005E01AE /* KVRecordViewModel.swift */; };
		F7BAB37629A65D9D00A77BD7 /* FileWrapper+SourceURL.swift in Sources */ = {isa = PBXBuildFile; fileRef = F7BAB37529A65D9D00A77BD7 /* FileWrapper+SourceURL.swift */; };
		F7C1ADF629AA9AE0008F3051 /* GRDBUndoRedo in Frameworks */ = {isa = PBXBuildFile; productRef = F7C1ADF529AA9AE0008F3051 /* GRDBUndoRedo */; };
/* End PBXBuildFile section */

/* Begin PBXContainerItemProxy section */
		F7850B1329A606E6005E01AE /* PBXContainerItemProxy */ = {
			isa = PBXContainerItemProxy;
			containerPortal = F7850AF629A606E5005E01AE /* Project object */;
			proxyType = 1;
			remoteGlobalIDString = F7850AFD29A606E5005E01AE;
			remoteInfo = GRDBDocumentBasedAppExample;
		};
		F7850B1D29A606E7005E01AE /* PBXContainerItemProxy */ = {
			isa = PBXContainerItemProxy;
			containerPortal = F7850AF629A606E5005E01AE /* Project object */;
			proxyType = 1;
			remoteGlobalIDString = F7850AFD29A606E5005E01AE;
			remoteInfo = GRDBDocumentBasedAppExample;
		};
/* End PBXContainerItemProxy section */

/* Begin PBXFileReference section */
		F7850AFE29A606E5005E01AE /* GRDBDocumentBasedAppExample.app */ = {isa = PBXFileReference; explicitFileType = wrapper.application; includeInIndex = 0; path = GRDBDocumentBasedAppExample.app; sourceTree = BUILT_PRODUCTS_DIR; };
		F7850B0129A606E5005E01AE /* GRDBDocumentBasedAppExampleApp.swift */ = {isa = PBXFileReference; lastKnownFileType = sourcecode.swift; path = GRDBDocumentBasedAppExampleApp.swift; sourceTree = "<group>"; };
		F7850B0329A606E5005E01AE /* GRDBDocument.swift */ = {isa = PBXFileReference; lastKnownFileType = sourcecode.swift; path = GRDBDocument.swift; sourceTree = "<group>"; };
		F7850B0529A606E5005E01AE /* ContentView.swift */ = {isa = PBXFileReference; lastKnownFileType = sourcecode.swift; path = ContentView.swift; sourceTree = "<group>"; };
		F7850B0729A606E6005E01AE /* Assets.xcassets */ = {isa = PBXFileReference; lastKnownFileType = folder.assetcatalog; path = Assets.xcassets; sourceTree = "<group>"; };
		F7850B0929A606E6005E01AE /* Info.plist */ = {isa = PBXFileReference; lastKnownFileType = text.plist.xml; path = Info.plist; sourceTree = "<group>"; };
		F7850B0A29A606E6005E01AE /* GRDBDocumentBasedAppExample.entitlements */ = {isa = PBXFileReference; lastKnownFileType = text.plist.entitlements; path = GRDBDocumentBasedAppExample.entitlements; sourceTree = "<group>"; };
		F7850B0C29A606E6005E01AE /* Preview Assets.xcassets */ = {isa = PBXFileReference; lastKnownFileType = folder.assetcatalog; path = "Preview Assets.xcassets"; sourceTree = "<group>"; };
		F7850B1229A606E6005E01AE /* GRDBDocumentBasedAppExampleTests.xctest */ = {isa = PBXFileReference; explicitFileType = wrapper.cfbundle; includeInIndex = 0; path = GRDBDocumentBasedAppExampleTests.xctest; sourceTree = BUILT_PRODUCTS_DIR; };
		F7850B1629A606E6005E01AE /* GRDBDocumentBasedAppExampleTests.swift */ = {isa = PBXFileReference; lastKnownFileType = sourcecode.swift; path = GRDBDocumentBasedAppExampleTests.swift; sourceTree = "<group>"; };
		F7850B1C29A606E7005E01AE /* GRDBDocumentBasedAppExampleUITests.xctest */ = {isa = PBXFileReference; explicitFileType = wrapper.cfbundle; includeInIndex = 0; path = GRDBDocumentBasedAppExampleUITests.xctest; sourceTree = BUILT_PRODUCTS_DIR; };
		F7850B2029A606E7005E01AE /* GRDBDocumentBasedAppExampleUITests.swift */ = {isa = PBXFileReference; lastKnownFileType = sourcecode.swift; path = GRDBDocumentBasedAppExampleUITests.swift; sourceTree = "<group>"; };
		F7850B2229A606E7005E01AE /* GRDBDocumentBasedAppExampleUITestsLaunchTests.swift */ = {isa = PBXFileReference; lastKnownFileType = sourcecode.swift; path = GRDBDocumentBasedAppExampleUITestsLaunchTests.swift; sourceTree = "<group>"; };
		F7850B3529A61116005E01AE /* DocumentDatabase.swift */ = {isa = PBXFileReference; lastKnownFileType = sourcecode.swift; path = DocumentDatabase.swift; sourceTree = "<group>"; };
		F7850B3729A61627005E01AE /* KVRecord.swift */ = {isa = PBXFileReference; lastKnownFileType = sourcecode.swift; path = KVRecord.swift; sourceTree = "<group>"; };
		F7850B3929A6213F005E01AE /* KVRecordViewModel.swift */ = {isa = PBXFileReference; lastKnownFileType = sourcecode.swift; path = KVRecordViewModel.swift; sourceTree = "<group>"; };
		F7BAB37529A65D9D00A77BD7 /* FileWrapper+SourceURL.swift */ = {isa = PBXFileReference; lastKnownFileType = sourcecode.swift; path = "FileWrapper+SourceURL.swift"; sourceTree = "<group>"; };
/* End PBXFileReference section */

/* Begin PBXFrameworksBuildPhase section */
		F7850AFB29A606E5005E01AE /* Frameworks */ = {
			isa = PBXFrameworksBuildPhase;
			buildActionMask = 2147483647;
			files = (
				F7C1ADF629AA9AE0008F3051 /* GRDBUndoRedo in Frameworks */,
				F7850B3429A6105C005E01AE /* GRDBQuery in Frameworks */,
				F7850B3129A61050005E01AE /* GRDB in Frameworks */,
			);
			runOnlyForDeploymentPostprocessing = 0;
		};
		F7850B0F29A606E6005E01AE /* Frameworks */ = {
			isa = PBXFrameworksBuildPhase;
			buildActionMask = 2147483647;
			files = (
			);
			runOnlyForDeploymentPostprocessing = 0;
		};
		F7850B1929A606E7005E01AE /* Frameworks */ = {
			isa = PBXFrameworksBuildPhase;
			buildActionMask = 2147483647;
			files = (
			);
			runOnlyForDeploymentPostprocessing = 0;
		};
/* End PBXFrameworksBuildPhase section */

/* Begin PBXGroup section */
		F7850AF529A606E5005E01AE = {
			isa = PBXGroup;
			children = (
				F7850B0029A606E5005E01AE /* GRDBDocumentBasedAppExample */,
				F7850B1529A606E6005E01AE /* GRDBDocumentBasedAppExampleTests */,
				F7850B1F29A606E7005E01AE /* GRDBDocumentBasedAppExampleUITests */,
				F7850AFF29A606E5005E01AE /* Products */,
			);
			sourceTree = "<group>";
		};
		F7850AFF29A606E5005E01AE /* Products */ = {
			isa = PBXGroup;
			children = (
				F7850AFE29A606E5005E01AE /* GRDBDocumentBasedAppExample.app */,
				F7850B1229A606E6005E01AE /* GRDBDocumentBasedAppExampleTests.xctest */,
				F7850B1C29A606E7005E01AE /* GRDBDocumentBasedAppExampleUITests.xctest */,
			);
			name = Products;
			sourceTree = "<group>";
		};
		F7850B0029A606E5005E01AE /* GRDBDocumentBasedAppExample */ = {
			isa = PBXGroup;
			children = (
				F7BAB37529A65D9D00A77BD7 /* FileWrapper+SourceURL.swift */,
				F7850B0129A606E5005E01AE /* GRDBDocumentBasedAppExampleApp.swift */,
				F7850B0329A606E5005E01AE /* GRDBDocument.swift */,
				F7850B3529A61116005E01AE /* DocumentDatabase.swift */,
				F7850B3729A61627005E01AE /* KVRecord.swift */,
				F7850B0529A606E5005E01AE /* ContentView.swift */,
				F7850B3929A6213F005E01AE /* KVRecordViewModel.swift */,
				F7850B0729A606E6005E01AE /* Assets.xcassets */,
				F7850B0929A606E6005E01AE /* Info.plist */,
				F7850B0A29A606E6005E01AE /* GRDBDocumentBasedAppExample.entitlements */,
				F7850B0B29A606E6005E01AE /* Preview Content */,
			);
			path = GRDBDocumentBasedAppExample;
			sourceTree = "<group>";
		};
		F7850B0B29A606E6005E01AE /* Preview Content */ = {
			isa = PBXGroup;
			children = (
				F7850B0C29A606E6005E01AE /* Preview Assets.xcassets */,
			);
			path = "Preview Content";
			sourceTree = "<group>";
		};
		F7850B1529A606E6005E01AE /* GRDBDocumentBasedAppExampleTests */ = {
			isa = PBXGroup;
			children = (
				F7850B1629A606E6005E01AE /* GRDBDocumentBasedAppExampleTests.swift */,
			);
			path = GRDBDocumentBasedAppExampleTests;
			sourceTree = "<group>";
		};
		F7850B1F29A606E7005E01AE /* GRDBDocumentBasedAppExampleUITests */ = {
			isa = PBXGroup;
			children = (
				F7850B2029A606E7005E01AE /* GRDBDocumentBasedAppExampleUITests.swift */,
				F7850B2229A606E7005E01AE /* GRDBDocumentBasedAppExampleUITestsLaunchTests.swift */,
			);
			path = GRDBDocumentBasedAppExampleUITests;
			sourceTree = "<group>";
		};
/* End PBXGroup section */

/* Begin PBXNativeTarget section */
		F7850AFD29A606E5005E01AE /* GRDBDocumentBasedAppExample */ = {
			isa = PBXNativeTarget;
			buildConfigurationList = F7850B2629A606E7005E01AE /* Build configuration list for PBXNativeTarget "GRDBDocumentBasedAppExample" */;
			buildPhases = (
				F7850AFA29A606E5005E01AE /* Sources */,
				F7850AFB29A606E5005E01AE /* Frameworks */,
				F7850AFC29A606E5005E01AE /* Resources */,
			);
			buildRules = (
			);
			dependencies = (
			);
			name = GRDBDocumentBasedAppExample;
			packageProductDependencies = (
				F7850B3029A61050005E01AE /* GRDB */,
				F7850B3329A6105C005E01AE /* GRDBQuery */,
				F7C1ADF529AA9AE0008F3051 /* GRDBUndoRedo */,
			);
			productName = GRDBDocumentBasedAppExample;
			productReference = F7850AFE29A606E5005E01AE /* GRDBDocumentBasedAppExample.app */;
			productType = "com.apple.product-type.application";
		};
		F7850B1129A606E6005E01AE /* GRDBDocumentBasedAppExampleTests */ = {
			isa = PBXNativeTarget;
			buildConfigurationList = F7850B2929A606E7005E01AE /* Build configuration list for PBXNativeTarget "GRDBDocumentBasedAppExampleTests" */;
			buildPhases = (
				F7850B0E29A606E6005E01AE /* Sources */,
				F7850B0F29A606E6005E01AE /* Frameworks */,
				F7850B1029A606E6005E01AE /* Resources */,
			);
			buildRules = (
			);
			dependencies = (
				F7850B1429A606E6005E01AE /* PBXTargetDependency */,
			);
			name = GRDBDocumentBasedAppExampleTests;
			productName = GRDBDocumentBasedAppExampleTests;
			productReference = F7850B1229A606E6005E01AE /* GRDBDocumentBasedAppExampleTests.xctest */;
			productType = "com.apple.product-type.bundle.unit-test";
		};
		F7850B1B29A606E7005E01AE /* GRDBDocumentBasedAppExampleUITests */ = {
			isa = PBXNativeTarget;
			buildConfigurationList = F7850B2C29A606E7005E01AE /* Build configuration list for PBXNativeTarget "GRDBDocumentBasedAppExampleUITests" */;
			buildPhases = (
				F7850B1829A606E7005E01AE /* Sources */,
				F7850B1929A606E7005E01AE /* Frameworks */,
				F7850B1A29A606E7005E01AE /* Resources */,
			);
			buildRules = (
			);
			dependencies = (
				F7850B1E29A606E7005E01AE /* PBXTargetDependency */,
			);
			name = GRDBDocumentBasedAppExampleUITests;
			productName = GRDBDocumentBasedAppExampleUITests;
			productReference = F7850B1C29A606E7005E01AE /* GRDBDocumentBasedAppExampleUITests.xctest */;
			productType = "com.apple.product-type.bundle.ui-testing";
		};
/* End PBXNativeTarget section */

/* Begin PBXProject section */
		F7850AF629A606E5005E01AE /* Project object */ = {
			isa = PBXProject;
			attributes = {
				BuildIndependentTargetsInParallel = 1;
				LastSwiftUpdateCheck = 1410;
				LastUpgradeCheck = 1410;
				TargetAttributes = {
					F7850AFD29A606E5005E01AE = {
						CreatedOnToolsVersion = 14.1;
					};
					F7850B1129A606E6005E01AE = {
						CreatedOnToolsVersion = 14.1;
						TestTargetID = F7850AFD29A606E5005E01AE;
					};
					F7850B1B29A606E7005E01AE = {
						CreatedOnToolsVersion = 14.1;
						TestTargetID = F7850AFD29A606E5005E01AE;
					};
				};
			};
			buildConfigurationList = F7850AF929A606E5005E01AE /* Build configuration list for PBXProject "GRDBDocumentBasedAppExample" */;
			compatibilityVersion = "Xcode 14.0";
			developmentRegion = en;
			hasScannedForEncodings = 0;
			knownRegions = (
				en,
				Base,
			);
			mainGroup = F7850AF529A606E5005E01AE;
			packageReferences = (
				F7850B2F29A61050005E01AE /* XCRemoteSwiftPackageReference "GRDB" */,
				F7850B3229A6105C005E01AE /* XCRemoteSwiftPackageReference "GRDBQuery" */,
				F7C1ADF429AA9AE0008F3051 /* XCRemoteSwiftPackageReference "GRDBUndoRedo" */,
			);
			productRefGroup = F7850AFF29A606E5005E01AE /* Products */;
			projectDirPath = "";
			projectRoot = "";
			targets = (
				F7850AFD29A606E5005E01AE /* GRDBDocumentBasedAppExample */,
				F7850B1129A606E6005E01AE /* GRDBDocumentBasedAppExampleTests */,
				F7850B1B29A606E7005E01AE /* GRDBDocumentBasedAppExampleUITests */,
			);
		};
/* End PBXProject section */

/* Begin PBXResourcesBuildPhase section */
		F7850AFC29A606E5005E01AE /* Resources */ = {
			isa = PBXResourcesBuildPhase;
			buildActionMask = 2147483647;
			files = (
				F7850B0D29A606E6005E01AE /* Preview Assets.xcassets in Resources */,
				F7850B0829A606E6005E01AE /* Assets.xcassets in Resources */,
			);
			runOnlyForDeploymentPostprocessing = 0;
		};
		F7850B1029A606E6005E01AE /* Resources */ = {
			isa = PBXResourcesBuildPhase;
			buildActionMask = 2147483647;
			files = (
			);
			runOnlyForDeploymentPostprocessing = 0;
		};
		F7850B1A29A606E7005E01AE /* Resources */ = {
			isa = PBXResourcesBuildPhase;
			buildActionMask = 2147483647;
			files = (
			);
			runOnlyForDeploymentPostprocessing = 0;
		};
/* End PBXResourcesBuildPhase section */

/* Begin PBXSourcesBuildPhase section */
		F7850AFA29A606E5005E01AE /* Sources */ = {
			isa = PBXSourcesBuildPhase;
			buildActionMask = 2147483647;
			files = (
				F7850B0229A606E5005E01AE /* GRDBDocumentBasedAppExampleApp.swift in Sources */,
				F7850B3629A61116005E01AE /* DocumentDatabase.swift in Sources */,
				F7850B3A29A6213F005E01AE /* KVRecordViewModel.swift in Sources */,
				F7850B0429A606E5005E01AE /* GRDBDocument.swift in Sources */,
				F7850B0629A606E5005E01AE /* ContentView.swift in Sources */,
				F7BAB37629A65D9D00A77BD7 /* FileWrapper+SourceURL.swift in Sources */,
				F7850B3829A61627005E01AE /* KVRecord.swift in Sources */,
			);
			runOnlyForDeploymentPostprocessing = 0;
		};
		F7850B0E29A606E6005E01AE /* Sources */ = {
			isa = PBXSourcesBuildPhase;
			buildActionMask = 2147483647;
			files = (
				F7850B1729A606E6005E01AE /* GRDBDocumentBasedAppExampleTests.swift in Sources */,
			);
			runOnlyForDeploymentPostprocessing = 0;
		};
		F7850B1829A606E7005E01AE /* Sources */ = {
			isa = PBXSourcesBuildPhase;
			buildActionMask = 2147483647;
			files = (
				F7850B2129A606E7005E01AE /* GRDBDocumentBasedAppExampleUITests.swift in Sources */,
				F7850B2329A606E7005E01AE /* GRDBDocumentBasedAppExampleUITestsLaunchTests.swift in Sources */,
			);
			runOnlyForDeploymentPostprocessing = 0;
		};
/* End PBXSourcesBuildPhase section */

/* Begin PBXTargetDependency section */
		F7850B1429A606E6005E01AE /* PBXTargetDependency */ = {
			isa = PBXTargetDependency;
			target = F7850AFD29A606E5005E01AE /* GRDBDocumentBasedAppExample */;
			targetProxy = F7850B1329A606E6005E01AE /* PBXContainerItemProxy */;
		};
		F7850B1E29A606E7005E01AE /* PBXTargetDependency */ = {
			isa = PBXTargetDependency;
			target = F7850AFD29A606E5005E01AE /* GRDBDocumentBasedAppExample */;
			targetProxy = F7850B1D29A606E7005E01AE /* PBXContainerItemProxy */;
		};
/* End PBXTargetDependency section */

/* Begin XCBuildConfiguration section */
		F7850B2429A606E7005E01AE /* Debug */ = {
			isa = XCBuildConfiguration;
			buildSettings = {
				ALWAYS_SEARCH_USER_PATHS = NO;
				CLANG_ANALYZER_NONNULL = YES;
				CLANG_ANALYZER_NUMBER_OBJECT_CONVERSION = YES_AGGRESSIVE;
				CLANG_CXX_LANGUAGE_STANDARD = "gnu++20";
				CLANG_ENABLE_MODULES = YES;
				CLANG_ENABLE_OBJC_ARC = YES;
				CLANG_ENABLE_OBJC_WEAK = YES;
				CLANG_WARN_BLOCK_CAPTURE_AUTORELEASING = YES;
				CLANG_WARN_BOOL_CONVERSION = YES;
				CLANG_WARN_COMMA = YES;
				CLANG_WARN_CONSTANT_CONVERSION = YES;
				CLANG_WARN_DEPRECATED_OBJC_IMPLEMENTATIONS = YES;
				CLANG_WARN_DIRECT_OBJC_ISA_USAGE = YES_ERROR;
				CLANG_WARN_DOCUMENTATION_COMMENTS = YES;
				CLANG_WARN_EMPTY_BODY = YES;
				CLANG_WARN_ENUM_CONVERSION = YES;
				CLANG_WARN_INFINITE_RECURSION = YES;
				CLANG_WARN_INT_CONVERSION = YES;
				CLANG_WARN_NON_LITERAL_NULL_CONVERSION = YES;
				CLANG_WARN_OBJC_IMPLICIT_RETAIN_SELF = YES;
				CLANG_WARN_OBJC_LITERAL_CONVERSION = YES;
				CLANG_WARN_OBJC_ROOT_CLASS = YES_ERROR;
				CLANG_WARN_QUOTED_INCLUDE_IN_FRAMEWORK_HEADER = YES;
				CLANG_WARN_RANGE_LOOP_ANALYSIS = YES;
				CLANG_WARN_STRICT_PROTOTYPES = YES;
				CLANG_WARN_SUSPICIOUS_MOVE = YES;
				CLANG_WARN_UNGUARDED_AVAILABILITY = YES_AGGRESSIVE;
				CLANG_WARN_UNREACHABLE_CODE = YES;
				CLANG_WARN__DUPLICATE_METHOD_MATCH = YES;
				COPY_PHASE_STRIP = NO;
				DEBUG_INFORMATION_FORMAT = dwarf;
				ENABLE_STRICT_OBJC_MSGSEND = YES;
				ENABLE_TESTABILITY = YES;
				GCC_C_LANGUAGE_STANDARD = gnu11;
				GCC_DYNAMIC_NO_PIC = NO;
				GCC_NO_COMMON_BLOCKS = YES;
				GCC_OPTIMIZATION_LEVEL = 0;
				GCC_PREPROCESSOR_DEFINITIONS = (
					"DEBUG=1",
					"$(inherited)",
				);
				GCC_WARN_64_TO_32_BIT_CONVERSION = YES;
				GCC_WARN_ABOUT_RETURN_TYPE = YES_ERROR;
				GCC_WARN_UNDECLARED_SELECTOR = YES;
				GCC_WARN_UNINITIALIZED_AUTOS = YES_AGGRESSIVE;
				GCC_WARN_UNUSED_FUNCTION = YES;
				GCC_WARN_UNUSED_VARIABLE = YES;
				MTL_ENABLE_DEBUG_INFO = INCLUDE_SOURCE;
				MTL_FAST_MATH = YES;
				ONLY_ACTIVE_ARCH = YES;
				SWIFT_ACTIVE_COMPILATION_CONDITIONS = DEBUG;
				SWIFT_OPTIMIZATION_LEVEL = "-Onone";
			};
			name = Debug;
		};
		F7850B2529A606E7005E01AE /* Release */ = {
			isa = XCBuildConfiguration;
			buildSettings = {
				ALWAYS_SEARCH_USER_PATHS = NO;
				CLANG_ANALYZER_NONNULL = YES;
				CLANG_ANALYZER_NUMBER_OBJECT_CONVERSION = YES_AGGRESSIVE;
				CLANG_CXX_LANGUAGE_STANDARD = "gnu++20";
				CLANG_ENABLE_MODULES = YES;
				CLANG_ENABLE_OBJC_ARC = YES;
				CLANG_ENABLE_OBJC_WEAK = YES;
				CLANG_WARN_BLOCK_CAPTURE_AUTORELEASING = YES;
				CLANG_WARN_BOOL_CONVERSION = YES;
				CLANG_WARN_COMMA = YES;
				CLANG_WARN_CONSTANT_CONVERSION = YES;
				CLANG_WARN_DEPRECATED_OBJC_IMPLEMENTATIONS = YES;
				CLANG_WARN_DIRECT_OBJC_ISA_USAGE = YES_ERROR;
				CLANG_WARN_DOCUMENTATION_COMMENTS = YES;
				CLANG_WARN_EMPTY_BODY = YES;
				CLANG_WARN_ENUM_CONVERSION = YES;
				CLANG_WARN_INFINITE_RECURSION = YES;
				CLANG_WARN_INT_CONVERSION = YES;
				CLANG_WARN_NON_LITERAL_NULL_CONVERSION = YES;
				CLANG_WARN_OBJC_IMPLICIT_RETAIN_SELF = YES;
				CLANG_WARN_OBJC_LITERAL_CONVERSION = YES;
				CLANG_WARN_OBJC_ROOT_CLASS = YES_ERROR;
				CLANG_WARN_QUOTED_INCLUDE_IN_FRAMEWORK_HEADER = YES;
				CLANG_WARN_RANGE_LOOP_ANALYSIS = YES;
				CLANG_WARN_STRICT_PROTOTYPES = YES;
				CLANG_WARN_SUSPICIOUS_MOVE = YES;
				CLANG_WARN_UNGUARDED_AVAILABILITY = YES_AGGRESSIVE;
				CLANG_WARN_UNREACHABLE_CODE = YES;
				CLANG_WARN__DUPLICATE_METHOD_MATCH = YES;
				COPY_PHASE_STRIP = NO;
				DEBUG_INFORMATION_FORMAT = "dwarf-with-dsym";
				ENABLE_NS_ASSERTIONS = NO;
				ENABLE_STRICT_OBJC_MSGSEND = YES;
				GCC_C_LANGUAGE_STANDARD = gnu11;
				GCC_NO_COMMON_BLOCKS = YES;
				GCC_WARN_64_TO_32_BIT_CONVERSION = YES;
				GCC_WARN_ABOUT_RETURN_TYPE = YES_ERROR;
				GCC_WARN_UNDECLARED_SELECTOR = YES;
				GCC_WARN_UNINITIALIZED_AUTOS = YES_AGGRESSIVE;
				GCC_WARN_UNUSED_FUNCTION = YES;
				GCC_WARN_UNUSED_VARIABLE = YES;
				MTL_ENABLE_DEBUG_INFO = NO;
				MTL_FAST_MATH = YES;
				SWIFT_COMPILATION_MODE = wholemodule;
				SWIFT_OPTIMIZATION_LEVEL = "-O";
			};
			name = Release;
		};
		F7850B2729A606E7005E01AE /* Debug */ = {
			isa = XCBuildConfiguration;
			buildSettings = {
				ASSETCATALOG_COMPILER_APPICON_NAME = AppIcon;
				ASSETCATALOG_COMPILER_GLOBAL_ACCENT_COLOR_NAME = AccentColor;
				CODE_SIGN_ENTITLEMENTS = GRDBDocumentBasedAppExample/GRDBDocumentBasedAppExample.entitlements;
				CODE_SIGN_STYLE = Automatic;
				CURRENT_PROJECT_VERSION = 1;
				DEVELOPMENT_ASSET_PATHS = "\"GRDBDocumentBasedAppExample/Preview Content\"";
				ENABLE_PREVIEWS = YES;
				GENERATE_INFOPLIST_FILE = YES;
				INFOPLIST_FILE = GRDBDocumentBasedAppExample/Info.plist;
				"INFOPLIST_KEY_UIApplicationSceneManifest_Generation[sdk=iphoneos*]" = YES;
				"INFOPLIST_KEY_UIApplicationSceneManifest_Generation[sdk=iphonesimulator*]" = YES;
				"INFOPLIST_KEY_UIApplicationSupportsIndirectInputEvents[sdk=iphoneos*]" = YES;
				"INFOPLIST_KEY_UIApplicationSupportsIndirectInputEvents[sdk=iphonesimulator*]" = YES;
				"INFOPLIST_KEY_UILaunchScreen_Generation[sdk=iphoneos*]" = YES;
				"INFOPLIST_KEY_UILaunchScreen_Generation[sdk=iphonesimulator*]" = YES;
				"INFOPLIST_KEY_UIStatusBarStyle[sdk=iphoneos*]" = UIStatusBarStyleDefault;
				"INFOPLIST_KEY_UIStatusBarStyle[sdk=iphonesimulator*]" = UIStatusBarStyleDefault;
				INFOPLIST_KEY_UISupportedInterfaceOrientations_iPad = "UIInterfaceOrientationPortrait UIInterfaceOrientationPortraitUpsideDown UIInterfaceOrientationLandscapeLeft UIInterfaceOrientationLandscapeRight";
				INFOPLIST_KEY_UISupportedInterfaceOrientations_iPhone = "UIInterfaceOrientationPortrait UIInterfaceOrientationLandscapeLeft UIInterfaceOrientationLandscapeRight";
				"INFOPLIST_KEY_UISupportsDocumentBrowser[sdk=iphoneos*]" = YES;
				"INFOPLIST_KEY_UISupportsDocumentBrowser[sdk=iphonesimulator*]" = YES;
				IPHONEOS_DEPLOYMENT_TARGET = 16.1;
				LD_RUNPATH_SEARCH_PATHS = "@executable_path/Frameworks";
				"LD_RUNPATH_SEARCH_PATHS[sdk=macosx*]" = "@executable_path/../Frameworks";
				MACOSX_DEPLOYMENT_TARGET = 13.0;
				MARKETING_VERSION = 1.0;
				PRODUCT_BUNDLE_IDENTIFIER = com.deicoon.GRDBDocumentBasedAppExample;
				PRODUCT_NAME = "$(TARGET_NAME)";
				SDKROOT = auto;
				SUPPORTED_PLATFORMS = "iphoneos iphonesimulator macosx";
				SWIFT_EMIT_LOC_STRINGS = YES;
				SWIFT_VERSION = 5.0;
				TARGETED_DEVICE_FAMILY = "1,2";
			};
			name = Debug;
		};
		F7850B2829A606E7005E01AE /* Release */ = {
			isa = XCBuildConfiguration;
			buildSettings = {
				ASSETCATALOG_COMPILER_APPICON_NAME = AppIcon;
				ASSETCATALOG_COMPILER_GLOBAL_ACCENT_COLOR_NAME = AccentColor;
				CODE_SIGN_ENTITLEMENTS = GRDBDocumentBasedAppExample/GRDBDocumentBasedAppExample.entitlements;
				CODE_SIGN_STYLE = Automatic;
				CURRENT_PROJECT_VERSION = 1;
				DEVELOPMENT_ASSET_PATHS = "\"GRDBDocumentBasedAppExample/Preview Content\"";
				ENABLE_PREVIEWS = YES;
				GENERATE_INFOPLIST_FILE = YES;
				INFOPLIST_FILE = GRDBDocumentBasedAppExample/Info.plist;
				"INFOPLIST_KEY_UIApplicationSceneManifest_Generation[sdk=iphoneos*]" = YES;
				"INFOPLIST_KEY_UIApplicationSceneManifest_Generation[sdk=iphonesimulator*]" = YES;
				"INFOPLIST_KEY_UIApplicationSupportsIndirectInputEvents[sdk=iphoneos*]" = YES;
				"INFOPLIST_KEY_UIApplicationSupportsIndirectInputEvents[sdk=iphonesimulator*]" = YES;
				"INFOPLIST_KEY_UILaunchScreen_Generation[sdk=iphoneos*]" = YES;
				"INFOPLIST_KEY_UILaunchScreen_Generation[sdk=iphonesimulator*]" = YES;
				"INFOPLIST_KEY_UIStatusBarStyle[sdk=iphoneos*]" = UIStatusBarStyleDefault;
				"INFOPLIST_KEY_UIStatusBarStyle[sdk=iphonesimulator*]" = UIStatusBarStyleDefault;
				INFOPLIST_KEY_UISupportedInterfaceOrientations_iPad = "UIInterfaceOrientationPortrait UIInterfaceOrientationPortraitUpsideDown UIInterfaceOrientationLandscapeLeft UIInterfaceOrientationLandscapeRight";
				INFOPLIST_KEY_UISupportedInterfaceOrientations_iPhone = "UIInterfaceOrientationPortrait UIInterfaceOrientationLandscapeLeft UIInterfaceOrientationLandscapeRight";
				"INFOPLIST_KEY_UISupportsDocumentBrowser[sdk=iphoneos*]" = YES;
				"INFOPLIST_KEY_UISupportsDocumentBrowser[sdk=iphonesimulator*]" = YES;
				IPHONEOS_DEPLOYMENT_TARGET = 16.1;
				LD_RUNPATH_SEARCH_PATHS = "@executable_path/Frameworks";
				"LD_RUNPATH_SEARCH_PATHS[sdk=macosx*]" = "@executable_path/../Frameworks";
				MACOSX_DEPLOYMENT_TARGET = 13.0;
				MARKETING_VERSION = 1.0;
				PRODUCT_BUNDLE_IDENTIFIER = com.deicoon.GRDBDocumentBasedAppExample;
				PRODUCT_NAME = "$(TARGET_NAME)";
				SDKROOT = auto;
				SUPPORTED_PLATFORMS = "iphoneos iphonesimulator macosx";
				SWIFT_EMIT_LOC_STRINGS = YES;
				SWIFT_VERSION = 5.0;
				TARGETED_DEVICE_FAMILY = "1,2";
			};
			name = Release;
		};
		F7850B2A29A606E7005E01AE /* Debug */ = {
			isa = XCBuildConfiguration;
			buildSettings = {
				ALWAYS_EMBED_SWIFT_STANDARD_LIBRARIES = YES;
				BUNDLE_LOADER = "$(TEST_HOST)";
				CODE_SIGN_STYLE = Automatic;
				CURRENT_PROJECT_VERSION = 1;
				GENERATE_INFOPLIST_FILE = YES;
				IPHONEOS_DEPLOYMENT_TARGET = 16.1;
				MACOSX_DEPLOYMENT_TARGET = 13.0;
				MARKETING_VERSION = 1.0;
				PRODUCT_BUNDLE_IDENTIFIER = com.deicoon.GRDBDocumentBasedAppExampleTests;
				PRODUCT_NAME = "$(TARGET_NAME)";
				SDKROOT = auto;
				SUPPORTED_PLATFORMS = "iphoneos iphonesimulator macosx";
				SWIFT_EMIT_LOC_STRINGS = NO;
				SWIFT_VERSION = 5.0;
				TARGETED_DEVICE_FAMILY = "1,2";
				TEST_HOST = "$(BUILT_PRODUCTS_DIR)/GRDBDocumentBasedAppExample.app/$(BUNDLE_EXECUTABLE_FOLDER_PATH)/GRDBDocumentBasedAppExample";
			};
			name = Debug;
		};
		F7850B2B29A606E7005E01AE /* Release */ = {
			isa = XCBuildConfiguration;
			buildSettings = {
				ALWAYS_EMBED_SWIFT_STANDARD_LIBRARIES = YES;
				BUNDLE_LOADER = "$(TEST_HOST)";
				CODE_SIGN_STYLE = Automatic;
				CURRENT_PROJECT_VERSION = 1;
				GENERATE_INFOPLIST_FILE = YES;
				IPHONEOS_DEPLOYMENT_TARGET = 16.1;
				MACOSX_DEPLOYMENT_TARGET = 13.0;
				MARKETING_VERSION = 1.0;
				PRODUCT_BUNDLE_IDENTIFIER = com.deicoon.GRDBDocumentBasedAppExampleTests;
				PRODUCT_NAME = "$(TARGET_NAME)";
				SDKROOT = auto;
				SUPPORTED_PLATFORMS = "iphoneos iphonesimulator macosx";
				SWIFT_EMIT_LOC_STRINGS = NO;
				SWIFT_VERSION = 5.0;
				TARGETED_DEVICE_FAMILY = "1,2";
				TEST_HOST = "$(BUILT_PRODUCTS_DIR)/GRDBDocumentBasedAppExample.app/$(BUNDLE_EXECUTABLE_FOLDER_PATH)/GRDBDocumentBasedAppExample";
			};
			name = Release;
		};
		F7850B2D29A606E7005E01AE /* Debug */ = {
			isa = XCBuildConfiguration;
			buildSettings = {
				ALWAYS_EMBED_SWIFT_STANDARD_LIBRARIES = YES;
				CODE_SIGN_STYLE = Automatic;
				CURRENT_PROJECT_VERSION = 1;
				GENERATE_INFOPLIST_FILE = YES;
				IPHONEOS_DEPLOYMENT_TARGET = 16.1;
				MACOSX_DEPLOYMENT_TARGET = 13.0;
				MARKETING_VERSION = 1.0;
				PRODUCT_BUNDLE_IDENTIFIER = com.deicoon.GRDBDocumentBasedAppExampleUITests;
				PRODUCT_NAME = "$(TARGET_NAME)";
				SDKROOT = auto;
				SUPPORTED_PLATFORMS = "iphoneos iphonesimulator macosx";
				SWIFT_EMIT_LOC_STRINGS = NO;
				SWIFT_VERSION = 5.0;
				TARGETED_DEVICE_FAMILY = "1,2";
				TEST_TARGET_NAME = GRDBDocumentBasedAppExample;
			};
			name = Debug;
		};
		F7850B2E29A606E7005E01AE /* Release */ = {
			isa = XCBuildConfiguration;
			buildSettings = {
				ALWAYS_EMBED_SWIFT_STANDARD_LIBRARIES = YES;
				CODE_SIGN_STYLE = Automatic;
				CURRENT_PROJECT_VERSION = 1;
				GENERATE_INFOPLIST_FILE = YES;
				IPHONEOS_DEPLOYMENT_TARGET = 16.1;
				MACOSX_DEPLOYMENT_TARGET = 13.0;
				MARKETING_VERSION = 1.0;
				PRODUCT_BUNDLE_IDENTIFIER = com.deicoon.GRDBDocumentBasedAppExampleUITests;
				PRODUCT_NAME = "$(TARGET_NAME)";
				SDKROOT = auto;
				SUPPORTED_PLATFORMS = "iphoneos iphonesimulator macosx";
				SWIFT_EMIT_LOC_STRINGS = NO;
				SWIFT_VERSION = 5.0;
				TARGETED_DEVICE_FAMILY = "1,2";
				TEST_TARGET_NAME = GRDBDocumentBasedAppExample;
			};
			name = Release;
		};
/* End XCBuildConfiguration section */

/* Begin XCConfigurationList section */
		F7850AF929A606E5005E01AE /* Build configuration list for PBXProject "GRDBDocumentBasedAppExample" */ = {
			isa = XCConfigurationList;
			buildConfigurations = (
				F7850B2429A606E7005E01AE /* Debug */,
				F7850B2529A606E7005E01AE /* Release */,
			);
			defaultConfigurationIsVisible = 0;
			defaultConfigurationName = Release;
		};
		F7850B2629A606E7005E01AE /* Build configuration list for PBXNativeTarget "GRDBDocumentBasedAppExample" */ = {
			isa = XCConfigurationList;
			buildConfigurations = (
				F7850B2729A606E7005E01AE /* Debug */,
				F7850B2829A606E7005E01AE /* Release */,
			);
			defaultConfigurationIsVisible = 0;
			defaultConfigurationName = Release;
		};
		F7850B2929A606E7005E01AE /* Build configuration list for PBXNativeTarget "GRDBDocumentBasedAppExampleTests" */ = {
			isa = XCConfigurationList;
			buildConfigurations = (
				F7850B2A29A606E7005E01AE /* Debug */,
				F7850B2B29A606E7005E01AE /* Release */,
			);
			defaultConfigurationIsVisible = 0;
			defaultConfigurationName = Release;
		};
		F7850B2C29A606E7005E01AE /* Build configuration list for PBXNativeTarget "GRDBDocumentBasedAppExampleUITests" */ = {
			isa = XCConfigurationList;
			buildConfigurations = (
				F7850B2D29A606E7005E01AE /* Debug */,
				F7850B2E29A606E7005E01AE /* Release */,
			);
			defaultConfigurationIsVisible = 0;
			defaultConfigurationName = Release;
		};
/* End XCConfigurationList section */

/* Begin XCRemoteSwiftPackageReference section */
		F7850B2F29A61050005E01AE /* XCRemoteSwiftPackageReference "GRDB" */ = {
			isa = XCRemoteSwiftPackageReference;
			repositoryURL = "https://github.com/groue/GRDB.swift";
			requirement = {
				kind = upToNextMajorVersion;
				minimumVersion = 6.7.0;
			};
		};
		F7850B3229A6105C005E01AE /* XCRemoteSwiftPackageReference "GRDBQuery" */ = {
			isa = XCRemoteSwiftPackageReference;
			repositoryURL = "https://github.com/groue/GRDBQuery";
			requirement = {
				kind = upToNextMajorVersion;
				minimumVersion = 0.5.1;
			};
		};
		F7C1ADF429AA9AE0008F3051 /* XCRemoteSwiftPackageReference "GRDBUndoRedo" */ = {
			isa = XCRemoteSwiftPackageReference;
			repositoryURL = "https://github.com/perfaram/GRDBUndoRedo";
			requirement = {
				kind = upToNextMajorVersion;
				minimumVersion = 1.0.0;
			};
		};
/* End XCRemoteSwiftPackageReference section */

/* Begin XCSwiftPackageProductDependency section */
		F7850B3029A61050005E01AE /* GRDB */ = {
			isa = XCSwiftPackageProductDependency;
			package = F7850B2F29A61050005E01AE /* XCRemoteSwiftPackageReference "GRDB" */;
			productName = GRDB;
		};
		F7850B3329A6105C005E01AE /* GRDBQuery */ = {
			isa = XCSwiftPackageProductDependency;
			package = F7850B3229A6105C005E01AE /* XCRemoteSwiftPackageReference "GRDBQuery" */;
			productName = GRDBQuery;
		};
		F7C1ADF529AA9AE0008F3051 /* GRDBUndoRedo */ = {
			isa = XCSwiftPackageProductDependency;
			package = F7C1ADF429AA9AE0008F3051 /* XCRemoteSwiftPackageReference "GRDBUndoRedo" */;
			productName = GRDBUndoRedo;
		};
/* End XCSwiftPackageProductDependency section */
	};
	rootObject = F7850AF629A606E5005E01AE /* Project object */;
}
